// !$*UTF8*$!
{
	archiveVersion = 1;
	classes = {
	};
	objectVersion = 48;
	objects = {

/* Begin PBXBuildFile section */
		E46FE99D1FCF39BB00C55A5F /* InternetDetailViewController.swift in Sources */ = {isa = PBXBuildFile; fileRef = E46FE99C1FCF39BB00C55A5F /* InternetDetailViewController.swift */; };
		E46FE9A01FCF3C5100C55A5F /* WebKit.framework in Frameworks */ = {isa = PBXBuildFile; fileRef = E46FE99F1FCF3C5100C55A5F /* WebKit.framework */; };
		E4ACEE231FA256BB008A2CE2 /* AppDelegate.swift in Sources */ = {isa = PBXBuildFile; fileRef = E4ACEE221FA256BB008A2CE2 /* AppDelegate.swift */; };
		E4ACEE251FA256BB008A2CE2 /* ViewController.swift in Sources */ = {isa = PBXBuildFile; fileRef = E4ACEE241FA256BB008A2CE2 /* ViewController.swift */; };
		E4ACEE281FA256BB008A2CE2 /* Main.storyboard in Resources */ = {isa = PBXBuildFile; fileRef = E4ACEE261FA256BB008A2CE2 /* Main.storyboard */; };
		E4ACEE2A1FA256BB008A2CE2 /* Assets.xcassets in Resources */ = {isa = PBXBuildFile; fileRef = E4ACEE291FA256BB008A2CE2 /* Assets.xcassets */; };
		E4ACEE2D1FA256BB008A2CE2 /* LaunchScreen.storyboard in Resources */ = {isa = PBXBuildFile; fileRef = E4ACEE2B1FA256BB008A2CE2 /* LaunchScreen.storyboard */; };
		E4ACEE3E1FA25B4E008A2CE2 /* CreativityViewController.swift in Sources */ = {isa = PBXBuildFile; fileRef = E4ACEE3D1FA25B4E008A2CE2 /* CreativityViewController.swift */; };
		E4ACEE401FA25B62008A2CE2 /* AbstractionViewController.swift in Sources */ = {isa = PBXBuildFile; fileRef = E4ACEE3F1FA25B62008A2CE2 /* AbstractionViewController.swift */; };
		E4ACEE421FA25B76008A2CE2 /* DataAndInformationViewController.swift in Sources */ = {isa = PBXBuildFile; fileRef = E4ACEE411FA25B76008A2CE2 /* DataAndInformationViewController.swift */; };
		E4ACEE441FA25B86008A2CE2 /* AlgorithmsViewController.swift in Sources */ = {isa = PBXBuildFile; fileRef = E4ACEE431FA25B86008A2CE2 /* AlgorithmsViewController.swift */; };
		E4ACEE461FA25B97008A2CE2 /* ProgrammingViewController.swift in Sources */ = {isa = PBXBuildFile; fileRef = E4ACEE451FA25B97008A2CE2 /* ProgrammingViewController.swift */; };
		E4ACEE481FA25BB0008A2CE2 /* InternetMasterViewController.swift in Sources */ = {isa = PBXBuildFile; fileRef = E4ACEE471FA25BB0008A2CE2 /* InternetMasterViewController.swift */; };
		E4ACEE4A1FA25BC5008A2CE2 /* GlobalImpactViewController.swift in Sources */ = {isa = PBXBuildFile; fileRef = E4ACEE491FA25BC5008A2CE2 /* GlobalImpactViewController.swift */; };
		E4AF2E561FC3625D0019BAF8 /* Likeable.swift in Sources */ = {isa = PBXBuildFile; fileRef = E4AF2E551FC3625D0019BAF8 /* Likeable.swift */; };
		E4AF2E581FC362BB0019BAF8 /* Like Adoption.swift in Sources */ = {isa = PBXBuildFile; fileRef = E4AF2E571FC362BB0019BAF8 /* Like Adoption.swift */; };
		E4EF8B1F1FD72A0700814EB6 /* DrawingView.swift in Sources */ = {isa = PBXBuildFile; fileRef = E4EF8B1E1FD72A0700814EB6 /* DrawingView.swift */; };
/* End PBXBuildFile section */

/* Begin PBXFileReference section */
		E46FE99C1FCF39BB00C55A5F /* InternetDetailViewController.swift */ = {isa = PBXFileReference; lastKnownFileType = sourcecode.swift; path = InternetDetailViewController.swift; sourceTree = "<group>"; };
		E46FE99F1FCF3C5100C55A5F /* WebKit.framework */ = {isa = PBXFileReference; lastKnownFileType = wrapper.framework; name = WebKit.framework; path = System/Library/Frameworks/WebKit.framework; sourceTree = SDKROOT; };
		E4ACEE1F1FA256BB008A2CE2 /* NoahPulsipher_CSP.app */ = {isa = PBXFileReference; explicitFileType = wrapper.application; includeInIndex = 0; path = NoahPulsipher_CSP.app; sourceTree = BUILT_PRODUCTS_DIR; };
		E4ACEE221FA256BB008A2CE2 /* AppDelegate.swift */ = {isa = PBXFileReference; lastKnownFileType = sourcecode.swift; path = AppDelegate.swift; sourceTree = "<group>"; };
		E4ACEE241FA256BB008A2CE2 /* ViewController.swift */ = {isa = PBXFileReference; lastKnownFileType = sourcecode.swift; path = ViewController.swift; sourceTree = "<group>"; };
		E4ACEE271FA256BB008A2CE2 /* Base */ = {isa = PBXFileReference; lastKnownFileType = file.storyboard; name = Base; path = Base.lproj/Main.storyboard; sourceTree = "<group>"; };
		E4ACEE291FA256BB008A2CE2 /* Assets.xcassets */ = {isa = PBXFileReference; lastKnownFileType = folder.assetcatalog; path = Assets.xcassets; sourceTree = "<group>"; };
		E4ACEE2C1FA256BB008A2CE2 /* Base */ = {isa = PBXFileReference; lastKnownFileType = file.storyboard; name = Base; path = Base.lproj/LaunchScreen.storyboard; sourceTree = "<group>"; };
		E4ACEE2E1FA256BB008A2CE2 /* Info.plist */ = {isa = PBXFileReference; lastKnownFileType = text.plist.xml; path = Info.plist; sourceTree = "<group>"; };
		E4ACEE3D1FA25B4E008A2CE2 /* CreativityViewController.swift */ = {isa = PBXFileReference; lastKnownFileType = sourcecode.swift; path = CreativityViewController.swift; sourceTree = "<group>"; };
		E4ACEE3F1FA25B62008A2CE2 /* AbstractionViewController.swift */ = {isa = PBXFileReference; lastKnownFileType = sourcecode.swift; path = AbstractionViewController.swift; sourceTree = "<group>"; };
		E4ACEE411FA25B76008A2CE2 /* DataAndInformationViewController.swift */ = {isa = PBXFileReference; lastKnownFileType = sourcecode.swift; path = DataAndInformationViewController.swift; sourceTree = "<group>"; };
		E4ACEE431FA25B86008A2CE2 /* AlgorithmsViewController.swift */ = {isa = PBXFileReference; lastKnownFileType = sourcecode.swift; path = AlgorithmsViewController.swift; sourceTree = "<group>"; };
		E4ACEE451FA25B97008A2CE2 /* ProgrammingViewController.swift */ = {isa = PBXFileReference; lastKnownFileType = sourcecode.swift; path = ProgrammingViewController.swift; sourceTree = "<group>"; };
		E4ACEE471FA25BB0008A2CE2 /* InternetMasterViewController.swift */ = {isa = PBXFileReference; lastKnownFileType = sourcecode.swift; path = InternetMasterViewController.swift; sourceTree = "<group>"; };
		E4ACEE491FA25BC5008A2CE2 /* GlobalImpactViewController.swift */ = {isa = PBXFileReference; lastKnownFileType = sourcecode.swift; path = GlobalImpactViewController.swift; sourceTree = "<group>"; };
		E4AF2E551FC3625D0019BAF8 /* Likeable.swift */ = {isa = PBXFileReference; lastKnownFileType = sourcecode.swift; path = Likeable.swift; sourceTree = "<group>"; };
		E4AF2E571FC362BB0019BAF8 /* Like Adoption.swift */ = {isa = PBXFileReference; lastKnownFileType = sourcecode.swift; path = "Like Adoption.swift"; sourceTree = "<group>"; };
		E4EF8B1E1FD72A0700814EB6 /* DrawingView.swift */ = {isa = PBXFileReference; lastKnownFileType = sourcecode.swift; path = DrawingView.swift; sourceTree = "<group>"; };
/* End PBXFileReference section */

/* Begin PBXFrameworksBuildPhase section */
		E4ACEE1C1FA256BB008A2CE2 /* Frameworks */ = {
			isa = PBXFrameworksBuildPhase;
			buildActionMask = 2147483647;
			files = (
				E46FE9A01FCF3C5100C55A5F /* WebKit.framework in Frameworks */,
			);
			runOnlyForDeploymentPostprocessing = 0;
		};
/* End PBXFrameworksBuildPhase section */

/* Begin PBXGroup section */
		E46FE99E1FCF3C5100C55A5F /* Frameworks */ = {
			isa = PBXGroup;
			children = (
				E46FE99F1FCF3C5100C55A5F /* WebKit.framework */,
			);
			name = Frameworks;
			sourceTree = "<group>";
		};
		E4ACEE161FA256BB008A2CE2 = {
			isa = PBXGroup;
			children = (
				E4ACEE211FA256BB008A2CE2 /* NoahPulsipher_CSP */,
				E4ACEE201FA256BB008A2CE2 /* Products */,
				E46FE99E1FCF3C5100C55A5F /* Frameworks */,
			);
			sourceTree = "<group>";
		};
		E4ACEE201FA256BB008A2CE2 /* Products */ = {
			isa = PBXGroup;
			children = (
				E4ACEE1F1FA256BB008A2CE2 /* NoahPulsipher_CSP.app */,
			);
			name = Products;
			sourceTree = "<group>";
		};
		E4ACEE211FA256BB008A2CE2 /* NoahPulsipher_CSP */ = {
			isa = PBXGroup;
			children = (
				E4ACEE361FA2580C008A2CE2 /* Controller */,
				E4ACEE351FA25800008A2CE2 /* View */,
				E4ACEE341FA257E0008A2CE2 /* Recources */,
				E4AF2E541FC360930019BAF8 /* Model */,
			);
			path = NoahPulsipher_CSP;
			sourceTree = "<group>";
		};
		E4ACEE341FA257E0008A2CE2 /* Recources */ = {
			isa = PBXGroup;
			children = (
				E4ACEE291FA256BB008A2CE2 /* Assets.xcassets */,
				E4ACEE2E1FA256BB008A2CE2 /* Info.plist */,
			);
			path = Recources;
			sourceTree = "<group>";
		};
		E4ACEE351FA25800008A2CE2 /* View */ = {
			isa = PBXGroup;
			children = (
				E4ACEE261FA256BB008A2CE2 /* Main.storyboard */,
				E4ACEE2B1FA256BB008A2CE2 /* LaunchScreen.storyboard */,
				E4EF8B1E1FD72A0700814EB6 /* DrawingView.swift */,
			);
			path = View;
			sourceTree = "<group>";
		};
		E4ACEE361FA2580C008A2CE2 /* Controller */ = {
			isa = PBXGroup;
			children = (
				E4AF2E4F1FC35F1E0019BAF8 /* New Group */,
				E4ACEE221FA256BB008A2CE2 /* AppDelegate.swift */,
				E4ACEE241FA256BB008A2CE2 /* ViewController.swift */,
				E4ACEE3D1FA25B4E008A2CE2 /* CreativityViewController.swift */,
				E4ACEE3F1FA25B62008A2CE2 /* AbstractionViewController.swift */,
				E4ACEE411FA25B76008A2CE2 /* DataAndInformationViewController.swift */,
				E4ACEE431FA25B86008A2CE2 /* AlgorithmsViewController.swift */,
				E4ACEE451FA25B97008A2CE2 /* ProgrammingViewController.swift */,
				E4ACEE471FA25BB0008A2CE2 /* InternetMasterViewController.swift */,
				E4ACEE491FA25BC5008A2CE2 /* GlobalImpactViewController.swift */,
			);
			path = Controller;
			sourceTree = "<group>";
		};
		E4AF2E4F1FC35F1E0019BAF8 /* New Group */ = {
			isa = PBXGroup;
			children = (
				E46FE99C1FCF39BB00C55A5F /* InternetDetailViewController.swift */,
			);
			path = "New Group";
			sourceTree = "<group>";
		};
		E4AF2E541FC360930019BAF8 /* Model */ = {
			isa = PBXGroup;
			children = (
				E4AF2E551FC3625D0019BAF8 /* Likeable.swift */,
				E4AF2E571FC362BB0019BAF8 /* Like Adoption.swift */,
			);
			path = Model;
			sourceTree = "<group>";
		};
/* End PBXGroup section */

/* Begin PBXNativeTarget section */
		E4ACEE1E1FA256BB008A2CE2 /* NoahPulsipher_CSP */ = {
			isa = PBXNativeTarget;
			buildConfigurationList = E4ACEE311FA256BB008A2CE2 /* Build configuration list for PBXNativeTarget "NoahPulsipher_CSP" */;
			buildPhases = (
				E4ACEE1B1FA256BB008A2CE2 /* Sources */,
				E4ACEE1C1FA256BB008A2CE2 /* Frameworks */,
				E4ACEE1D1FA256BB008A2CE2 /* Resources */,
			);
			buildRules = (
			);
			dependencies = (
			);
			name = NoahPulsipher_CSP;
			productName = NoahPulsipher_CSP;
			productReference = E4ACEE1F1FA256BB008A2CE2 /* NoahPulsipher_CSP.app */;
			productType = "com.apple.product-type.application";
		};
/* End PBXNativeTarget section */

/* Begin PBXProject section */
		E4ACEE171FA256BB008A2CE2 /* Project object */ = {
			isa = PBXProject;
			attributes = {
				LastSwiftUpdateCheck = 0900;
				LastUpgradeCheck = 0900;
				ORGANIZATIONNAME = CTEC;
				TargetAttributes = {
					E4ACEE1E1FA256BB008A2CE2 = {
						CreatedOnToolsVersion = 9.0;
						ProvisioningStyle = Automatic;
					};
				};
			};
			buildConfigurationList = E4ACEE1A1FA256BB008A2CE2 /* Build configuration list for PBXProject "NoahPulsipher_CSP" */;
			compatibilityVersion = "Xcode 8.0";
			developmentRegion = en;
			hasScannedForEncodings = 0;
			knownRegions = (
				en,
				Base,
			);
			mainGroup = E4ACEE161FA256BB008A2CE2;
			productRefGroup = E4ACEE201FA256BB008A2CE2 /* Products */;
			projectDirPath = "";
			projectRoot = "";
			targets = (
				E4ACEE1E1FA256BB008A2CE2 /* NoahPulsipher_CSP */,
			);
		};
/* End PBXProject section */

/* Begin PBXResourcesBuildPhase section */
		E4ACEE1D1FA256BB008A2CE2 /* Resources */ = {
			isa = PBXResourcesBuildPhase;
			buildActionMask = 2147483647;
			files = (
				E4ACEE2D1FA256BB008A2CE2 /* LaunchScreen.storyboard in Resources */,
				E4ACEE2A1FA256BB008A2CE2 /* Assets.xcassets in Resources */,
				E4ACEE281FA256BB008A2CE2 /* Main.storyboard in Resources */,
			);
			runOnlyForDeploymentPostprocessing = 0;
		};
/* End PBXResourcesBuildPhase section */

/* Begin PBXSourcesBuildPhase section */
		E4ACEE1B1FA256BB008A2CE2 /* Sources */ = {
			isa = PBXSourcesBuildPhase;
			buildActionMask = 2147483647;
			files = (
				E4ACEE251FA256BB008A2CE2 /* ViewController.swift in Sources */,
				E4ACEE461FA25B97008A2CE2 /* ProgrammingViewController.swift in Sources */,
				E4ACEE231FA256BB008A2CE2 /* AppDelegate.swift in Sources */,
				E4ACEE3E1FA25B4E008A2CE2 /* CreativityViewController.swift in Sources */,
				E46FE99D1FCF39BB00C55A5F /* InternetDetailViewController.swift in Sources */,
				E4EF8B1F1FD72A0700814EB6 /* DrawingView.swift in Sources */,
				E4ACEE421FA25B76008A2CE2 /* DataAndInformationViewController.swift in Sources */,
				E4ACEE441FA25B86008A2CE2 /* AlgorithmsViewController.swift in Sources */,
				E4AF2E561FC3625D0019BAF8 /* Likeable.swift in Sources */,
				E4AF2E581FC362BB0019BAF8 /* Like Adoption.swift in Sources */,
				E4ACEE401FA25B62008A2CE2 /* AbstractionViewController.swift in Sources */,
				E4ACEE481FA25BB0008A2CE2 /* InternetMasterViewController.swift in Sources */,
				E4ACEE4A1FA25BC5008A2CE2 /* GlobalImpactViewController.swift in Sources */,
			);
			runOnlyForDeploymentPostprocessing = 0;
		};
/* End PBXSourcesBuildPhase section */

/* Begin PBXVariantGroup section */
		E4ACEE261FA256BB008A2CE2 /* Main.storyboard */ = {
			isa = PBXVariantGroup;
			children = (
				E4ACEE271FA256BB008A2CE2 /* Base */,
			);
			name = Main.storyboard;
			sourceTree = "<group>";
		};
		E4ACEE2B1FA256BB008A2CE2 /* LaunchScreen.storyboard */ = {
			isa = PBXVariantGroup;
			children = (
				E4ACEE2C1FA256BB008A2CE2 /* Base */,
			);
			name = LaunchScreen.storyboard;
			sourceTree = "<group>";
		};
/* End PBXVariantGroup section */

/* Begin XCBuildConfiguration section */
		E4ACEE2F1FA256BB008A2CE2 /* Debug */ = {
			isa = XCBuildConfiguration;
			buildSettings = {
				ALWAYS_SEARCH_USER_PATHS = NO;
				CLANG_ANALYZER_NONNULL = YES;
				CLANG_ANALYZER_NUMBER_OBJECT_CONVERSION = YES_AGGRESSIVE;
				CLANG_CXX_LANGUAGE_STANDARD = "gnu++14";
				CLANG_CXX_LIBRARY = "libc++";
				CLANG_ENABLE_MODULES = YES;
				CLANG_ENABLE_OBJC_ARC = YES;
				CLANG_WARN_BLOCK_CAPTURE_AUTORELEASING = YES;
				CLANG_WARN_BOOL_CONVERSION = YES;
				CLANG_WARN_COMMA = YES;
				CLANG_WARN_CONSTANT_CONVERSION = YES;
				CLANG_WARN_DIRECT_OBJC_ISA_USAGE = YES_ERROR;
				CLANG_WARN_DOCUMENTATION_COMMENTS = YES;
				CLANG_WARN_EMPTY_BODY = YES;
				CLANG_WARN_ENUM_CONVERSION = YES;
				CLANG_WARN_INFINITE_RECURSION = YES;
				CLANG_WARN_INT_CONVERSION = YES;
				CLANG_WARN_NON_LITERAL_NULL_CONVERSION = YES;
				CLANG_WARN_OBJC_LITERAL_CONVERSION = YES;
				CLANG_WARN_OBJC_ROOT_CLASS = YES_ERROR;
				CLANG_WARN_RANGE_LOOP_ANALYSIS = YES;
				CLANG_WARN_STRICT_PROTOTYPES = YES;
				CLANG_WARN_SUSPICIOUS_MOVE = YES;
				CLANG_WARN_UNGUARDED_AVAILABILITY = YES_AGGRESSIVE;
				CLANG_WARN_UNREACHABLE_CODE = YES;
				CLANG_WARN__DUPLICATE_METHOD_MATCH = YES;
				CODE_SIGN_IDENTITY = "iPhone Developer";
				COPY_PHASE_STRIP = NO;
				DEBUG_INFORMATION_FORMAT = dwarf;
				ENABLE_STRICT_OBJC_MSGSEND = YES;
				ENABLE_TESTABILITY = YES;
				GCC_C_LANGUAGE_STANDARD = gnu11;
				GCC_DYNAMIC_NO_PIC = NO;
				GCC_NO_COMMON_BLOCKS = YES;
				GCC_OPTIMIZATION_LEVEL = 0;
				GCC_PREPROCESSOR_DEFINITIONS = (
					"DEBUG=1",
					"$(inherited)",
				);
				GCC_WARN_64_TO_32_BIT_CONVERSION = YES;
				GCC_WARN_ABOUT_RETURN_TYPE = YES_ERROR;
				GCC_WARN_UNDECLARED_SELECTOR = YES;
				GCC_WARN_UNINITIALIZED_AUTOS = YES_AGGRESSIVE;
				GCC_WARN_UNUSED_FUNCTION = YES;
				GCC_WARN_UNUSED_VARIABLE = YES;
				IPHONEOS_DEPLOYMENT_TARGET = 11.0;
				MTL_ENABLE_DEBUG_INFO = YES;
				ONLY_ACTIVE_ARCH = YES;
				SDKROOT = iphoneos;
				SWIFT_ACTIVE_COMPILATION_CONDITIONS = DEBUG;
				SWIFT_OPTIMIZATION_LEVEL = "-Onone";
			};
			name = Debug;
		};
		E4ACEE301FA256BB008A2CE2 /* Release */ = {
			isa = XCBuildConfiguration;
			buildSettings = {
				ALWAYS_SEARCH_USER_PATHS = NO;
				CLANG_ANALYZER_NONNULL = YES;
				CLANG_ANALYZER_NUMBER_OBJECT_CONVERSION = YES_AGGRESSIVE;
				CLANG_CXX_LANGUAGE_STANDARD = "gnu++14";
				CLANG_CXX_LIBRARY = "libc++";
				CLANG_ENABLE_MODULES = YES;
				CLANG_ENABLE_OBJC_ARC = YES;
				CLANG_WARN_BLOCK_CAPTURE_AUTORELEASING = YES;
				CLANG_WARN_BOOL_CONVERSION = YES;
				CLANG_WARN_COMMA = YES;
				CLANG_WARN_CONSTANT_CONVERSION = YES;
				CLANG_WARN_DIRECT_OBJC_ISA_USAGE = YES_ERROR;
				CLANG_WARN_DOCUMENTATION_COMMENTS = YES;
				CLANG_WARN_EMPTY_BODY = YES;
				CLANG_WARN_ENUM_CONVERSION = YES;
				CLANG_WARN_INFINITE_RECURSION = YES;
				CLANG_WARN_INT_CONVERSION = YES;
				CLANG_WARN_NON_LITERAL_NULL_CONVERSION = YES;
				CLANG_WARN_OBJC_LITERAL_CONVERSION = YES;
				CLANG_WARN_OBJC_ROOT_CLASS = YES_ERROR;
				CLANG_WARN_RANGE_LOOP_ANALYSIS = YES;
				CLANG_WARN_STRICT_PROTOTYPES = YES;
				CLANG_WARN_SUSPICIOUS_MOVE = YES;
				CLANG_WARN_UNGUARDED_AVAILABILITY = YES_AGGRESSIVE;
				CLANG_WARN_UNREACHABLE_CODE = YES;
				CLANG_WARN__DUPLICATE_METHOD_MATCH = YES;
				CODE_SIGN_IDENTITY = "iPhone Developer";
				COPY_PHASE_STRIP = NO;
				DEBUG_INFORMATION_FORMAT = "dwarf-with-dsym";
				ENABLE_NS_ASSERTIONS = NO;
				ENABLE_STRICT_OBJC_MSGSEND = YES;
				GCC_C_LANGUAGE_STANDARD = gnu11;
				GCC_NO_COMMON_BLOCKS = YES;
				GCC_WARN_64_TO_32_BIT_CONVERSION = YES;
				GCC_WARN_ABOUT_RETURN_TYPE = YES_ERROR;
				GCC_WARN_UNDECLARED_SELECTOR = YES;
				GCC_WARN_UNINITIALIZED_AUTOS = YES_AGGRESSIVE;
				GCC_WARN_UNUSED_FUNCTION = YES;
				GCC_WARN_UNUSED_VARIABLE = YES;
				IPHONEOS_DEPLOYMENT_TARGET = 11.0;
				MTL_ENABLE_DEBUG_INFO = NO;
				SDKROOT = iphoneos;
				SWIFT_OPTIMIZATION_LEVEL = "-Owholemodule";
				VALIDATE_PRODUCT = YES;
			};
			name = Release;
		};
		E4ACEE321FA256BB008A2CE2 /* Debug */ = {
			isa = XCBuildConfiguration;
			buildSettings = {
				ASSETCATALOG_COMPILER_APPICON_NAME = AppIcon;
				CODE_SIGN_STYLE = Automatic;
				INFOPLIST_FILE = "$(SRCROOT)/NoahPulsipher_CSP/Recources/Info.plist";
				LD_RUNPATH_SEARCH_PATHS = "$(inherited) @executable_path/Frameworks";
				PRODUCT_BUNDLE_IDENTIFIER = "CTEC.NoahPulsipher-CSP";
				PRODUCT_NAME = "$(TARGET_NAME)";
				SWIFT_VERSION = 4.0;
				TARGETED_DEVICE_FAMILY = "1,2";
			};
			name = Debug;
		};
		E4ACEE331FA256BB008A2CE2 /* Release */ = {
			isa = XCBuildConfiguration;
			buildSettings = {
				ASSETCATALOG_COMPILER_APPICON_NAME = AppIcon;
				CODE_SIGN_STYLE = Automatic;
				INFOPLIST_FILE = "$(SRCROOT)/NoahPulsipher_CSP/Recources/Info.plist";
				LD_RUNPATH_SEARCH_PATHS = "$(inherited) @executable_path/Frameworks";
				PRODUCT_BUNDLE_IDENTIFIER = "CTEC.NoahPulsipher-CSP";
				PRODUCT_NAME = "$(TARGET_NAME)";
				SWIFT_VERSION = 4.0;
				TARGETED_DEVICE_FAMILY = "1,2";
			};
			name = Release;
		};
/* End XCBuildConfiguration section */

/* Begin XCConfigurationList section */
		E4ACEE1A1FA256BB008A2CE2 /* Build configuration list for PBXProject "NoahPulsipher_CSP" */ = {
			isa = XCConfigurationList;
			buildConfigurations = (
				E4ACEE2F1FA256BB008A2CE2 /* Debug */,
				E4ACEE301FA256BB008A2CE2 /* Release */,
			);
			defaultConfigurationIsVisible = 0;
			defaultConfigurationName = Release;
		};
		E4ACEE311FA256BB008A2CE2 /* Build configuration list for PBXNativeTarget "NoahPulsipher_CSP" */ = {
			isa = XCConfigurationList;
			buildConfigurations = (
				E4ACEE321FA256BB008A2CE2 /* Debug */,
				E4ACEE331FA256BB008A2CE2 /* Release */,
			);
			defaultConfigurationIsVisible = 0;
			defaultConfigurationName = Release;
		};
/* End XCConfigurationList section */
	};
	rootObject = E4ACEE171FA256BB008A2CE2 /* Project object */;
}
